// !$*UTF8*$!
{
	archiveVersion = 1;
	classes = {
	};
	objectVersion = 56;
	objects = {

/* Begin PBXBuildFile section */
		1EE9842637F79990BF123882 /* Pods_finedustAPI_finedustAPIUITests.framework in Frameworks */ = {isa = PBXBuildFile; fileRef = F8D65501FAF88F4557568FC9 /* Pods_finedustAPI_finedustAPIUITests.framework */; };
		2FFB646593AA4C60820593CA /* Pods_finedustAPITests.framework in Frameworks */ = {isa = PBXBuildFile; fileRef = 65FB8601E8FA42DFE14DD2A3 /* Pods_finedustAPITests.framework */; };
		488E944E693EB4AADED91E50 /* Pods_finedustAPI.framework in Frameworks */ = {isa = PBXBuildFile; fileRef = 3CC18AD2B97BE2012B2DADE9 /* Pods_finedustAPI.framework */; };
		5828A2CD2B2C59C8006BAA6E /* AppDelegate.swift in Sources */ = {isa = PBXBuildFile; fileRef = 5828A2CC2B2C59C8006BAA6E /* AppDelegate.swift */; };
		5828A2CF2B2C59C8006BAA6E /* SceneDelegate.swift in Sources */ = {isa = PBXBuildFile; fileRef = 5828A2CE2B2C59C8006BAA6E /* SceneDelegate.swift */; };
		5828A2D12B2C59C8006BAA6E /* ViewController.swift in Sources */ = {isa = PBXBuildFile; fileRef = 5828A2D02B2C59C8006BAA6E /* ViewController.swift */; };
		5828A2D42B2C59C8006BAA6E /* Main.storyboard in Resources */ = {isa = PBXBuildFile; fileRef = 5828A2D22B2C59C8006BAA6E /* Main.storyboard */; };
		5828A2D62B2C59C9006BAA6E /* Assets.xcassets in Resources */ = {isa = PBXBuildFile; fileRef = 5828A2D52B2C59C9006BAA6E /* Assets.xcassets */; };
		5828A2D92B2C59C9006BAA6E /* LaunchScreen.storyboard in Resources */ = {isa = PBXBuildFile; fileRef = 5828A2D72B2C59C9006BAA6E /* LaunchScreen.storyboard */; };
		5828A2E42B2C59C9006BAA6E /* finedustAPITests.swift in Sources */ = {isa = PBXBuildFile; fileRef = 5828A2E32B2C59C9006BAA6E /* finedustAPITests.swift */; };
		5828A2EE2B2C59C9006BAA6E /* finedustAPIUITests.swift in Sources */ = {isa = PBXBuildFile; fileRef = 5828A2ED2B2C59C9006BAA6E /* finedustAPIUITests.swift */; };
		5828A2F02B2C59C9006BAA6E /* finedustAPIUITestsLaunchTests.swift in Sources */ = {isa = PBXBuildFile; fileRef = 5828A2EF2B2C59C9006BAA6E /* finedustAPIUITestsLaunchTests.swift */; };
/* End PBXBuildFile section */

/* Begin PBXContainerItemProxy section */
		5828A2E02B2C59C9006BAA6E /* PBXContainerItemProxy */ = {
			isa = PBXContainerItemProxy;
			containerPortal = 5828A2C12B2C59C8006BAA6E /* Project object */;
			proxyType = 1;
			remoteGlobalIDString = 5828A2C82B2C59C8006BAA6E;
			remoteInfo = finedustAPI;
		};
		5828A2EA2B2C59C9006BAA6E /* PBXContainerItemProxy */ = {
			isa = PBXContainerItemProxy;
			containerPortal = 5828A2C12B2C59C8006BAA6E /* Project object */;
			proxyType = 1;
			remoteGlobalIDString = 5828A2C82B2C59C8006BAA6E;
			remoteInfo = finedustAPI;
		};
/* End PBXContainerItemProxy section */

/* Begin PBXFileReference section */
		3CC18AD2B97BE2012B2DADE9 /* Pods_finedustAPI.framework */ = {isa = PBXFileReference; explicitFileType = wrapper.framework; includeInIndex = 0; path = Pods_finedustAPI.framework; sourceTree = BUILT_PRODUCTS_DIR; };
		44C5ACDEB4FA56C3541AFFCD /* Pods-finedustAPI.debug.xcconfig */ = {isa = PBXFileReference; includeInIndex = 1; lastKnownFileType = text.xcconfig; name = "Pods-finedustAPI.debug.xcconfig"; path = "Target Support Files/Pods-finedustAPI/Pods-finedustAPI.debug.xcconfig"; sourceTree = "<group>"; };
		4672A3DB83D45D7E157E8BC7 /* Pods-finedustAPI.release.xcconfig */ = {isa = PBXFileReference; includeInIndex = 1; lastKnownFileType = text.xcconfig; name = "Pods-finedustAPI.release.xcconfig"; path = "Target Support Files/Pods-finedustAPI/Pods-finedustAPI.release.xcconfig"; sourceTree = "<group>"; };
		4B4E929AF24D6B0C06B1E2E6 /* Pods-finedustAPITests.debug.xcconfig */ = {isa = PBXFileReference; includeInIndex = 1; lastKnownFileType = text.xcconfig; name = "Pods-finedustAPITests.debug.xcconfig"; path = "Target Support Files/Pods-finedustAPITests/Pods-finedustAPITests.debug.xcconfig"; sourceTree = "<group>"; };
		5828A2C92B2C59C8006BAA6E /* finedustAPI.app */ = {isa = PBXFileReference; explicitFileType = wrapper.application; includeInIndex = 0; path = finedustAPI.app; sourceTree = BUILT_PRODUCTS_DIR; };
		5828A2CC2B2C59C8006BAA6E /* AppDelegate.swift */ = {isa = PBXFileReference; lastKnownFileType = sourcecode.swift; path = AppDelegate.swift; sourceTree = "<group>"; };
		5828A2CE2B2C59C8006BAA6E /* SceneDelegate.swift */ = {isa = PBXFileReference; lastKnownFileType = sourcecode.swift; path = SceneDelegate.swift; sourceTree = "<group>"; };
		5828A2D02B2C59C8006BAA6E /* ViewController.swift */ = {isa = PBXFileReference; lastKnownFileType = sourcecode.swift; path = ViewController.swift; sourceTree = "<group>"; };
		5828A2D32B2C59C8006BAA6E /* Base */ = {isa = PBXFileReference; lastKnownFileType = file.storyboard; name = Base; path = Base.lproj/Main.storyboard; sourceTree = "<group>"; };
		5828A2D52B2C59C9006BAA6E /* Assets.xcassets */ = {isa = PBXFileReference; lastKnownFileType = folder.assetcatalog; path = Assets.xcassets; sourceTree = "<group>"; };
		5828A2D82B2C59C9006BAA6E /* Base */ = {isa = PBXFileReference; lastKnownFileType = file.storyboard; name = Base; path = Base.lproj/LaunchScreen.storyboard; sourceTree = "<group>"; };
		5828A2DA2B2C59C9006BAA6E /* Info.plist */ = {isa = PBXFileReference; lastKnownFileType = text.plist.xml; path = Info.plist; sourceTree = "<group>"; };
		5828A2DF2B2C59C9006BAA6E /* finedustAPITests.xctest */ = {isa = PBXFileReference; explicitFileType = wrapper.cfbundle; includeInIndex = 0; path = finedustAPITests.xctest; sourceTree = BUILT_PRODUCTS_DIR; };
		5828A2E32B2C59C9006BAA6E /* finedustAPITests.swift */ = {isa = PBXFileReference; lastKnownFileType = sourcecode.swift; path = finedustAPITests.swift; sourceTree = "<group>"; };
		5828A2E92B2C59C9006BAA6E /* finedustAPIUITests.xctest */ = {isa = PBXFileReference; explicitFileType = wrapper.cfbundle; includeInIndex = 0; path = finedustAPIUITests.xctest; sourceTree = BUILT_PRODUCTS_DIR; };
		5828A2ED2B2C59C9006BAA6E /* finedustAPIUITests.swift */ = {isa = PBXFileReference; lastKnownFileType = sourcecode.swift; path = finedustAPIUITests.swift; sourceTree = "<group>"; };
		5828A2EF2B2C59C9006BAA6E /* finedustAPIUITestsLaunchTests.swift */ = {isa = PBXFileReference; lastKnownFileType = sourcecode.swift; path = finedustAPIUITestsLaunchTests.swift; sourceTree = "<group>"; };
		65FB8601E8FA42DFE14DD2A3 /* Pods_finedustAPITests.framework */ = {isa = PBXFileReference; explicitFileType = wrapper.framework; includeInIndex = 0; path = Pods_finedustAPITests.framework; sourceTree = BUILT_PRODUCTS_DIR; };
		88C73142E47F1324D96CFACF /* Pods-finedustAPI-finedustAPIUITests.debug.xcconfig */ = {isa = PBXFileReference; includeInIndex = 1; lastKnownFileType = text.xcconfig; name = "Pods-finedustAPI-finedustAPIUITests.debug.xcconfig"; path = "Target Support Files/Pods-finedustAPI-finedustAPIUITests/Pods-finedustAPI-finedustAPIUITests.debug.xcconfig"; sourceTree = "<group>"; };
		C3B58FD3FA3DED6175FC26E4 /* Pods-finedustAPI-finedustAPIUITests.release.xcconfig */ = {isa = PBXFileReference; includeInIndex = 1; lastKnownFileType = text.xcconfig; name = "Pods-finedustAPI-finedustAPIUITests.release.xcconfig"; path = "Target Support Files/Pods-finedustAPI-finedustAPIUITests/Pods-finedustAPI-finedustAPIUITests.release.xcconfig"; sourceTree = "<group>"; };
		DF82AD038F0710514F28708E /* Pods-finedustAPITests.release.xcconfig */ = {isa = PBXFileReference; includeInIndex = 1; lastKnownFileType = text.xcconfig; name = "Pods-finedustAPITests.release.xcconfig"; path = "Target Support Files/Pods-finedustAPITests/Pods-finedustAPITests.release.xcconfig"; sourceTree = "<group>"; };
		F8D65501FAF88F4557568FC9 /* Pods_finedustAPI_finedustAPIUITests.framework */ = {isa = PBXFileReference; explicitFileType = wrapper.framework; includeInIndex = 0; path = Pods_finedustAPI_finedustAPIUITests.framework; sourceTree = BUILT_PRODUCTS_DIR; };
/* End PBXFileReference section */

/* Begin PBXFrameworksBuildPhase section */
		5828A2C62B2C59C8006BAA6E /* Frameworks */ = {
			isa = PBXFrameworksBuildPhase;
			buildActionMask = 2147483647;
			files = (
				488E944E693EB4AADED91E50 /* Pods_finedustAPI.framework in Frameworks */,
			);
			runOnlyForDeploymentPostprocessing = 0;
		};
		5828A2DC2B2C59C9006BAA6E /* Frameworks */ = {
			isa = PBXFrameworksBuildPhase;
			buildActionMask = 2147483647;
			files = (
				2FFB646593AA4C60820593CA /* Pods_finedustAPITests.framework in Frameworks */,
			);
			runOnlyForDeploymentPostprocessing = 0;
		};
		5828A2E62B2C59C9006BAA6E /* Frameworks */ = {
			isa = PBXFrameworksBuildPhase;
			buildActionMask = 2147483647;
			files = (
				1EE9842637F79990BF123882 /* Pods_finedustAPI_finedustAPIUITests.framework in Frameworks */,
			);
			runOnlyForDeploymentPostprocessing = 0;
		};
/* End PBXFrameworksBuildPhase section */

/* Begin PBXGroup section */
		10E39817474164A5AC0D4BA8 /* Pods */ = {
			isa = PBXGroup;
			children = (
				44C5ACDEB4FA56C3541AFFCD /* Pods-finedustAPI.debug.xcconfig */,
				4672A3DB83D45D7E157E8BC7 /* Pods-finedustAPI.release.xcconfig */,
				88C73142E47F1324D96CFACF /* Pods-finedustAPI-finedustAPIUITests.debug.xcconfig */,
				C3B58FD3FA3DED6175FC26E4 /* Pods-finedustAPI-finedustAPIUITests.release.xcconfig */,
				4B4E929AF24D6B0C06B1E2E6 /* Pods-finedustAPITests.debug.xcconfig */,
				DF82AD038F0710514F28708E /* Pods-finedustAPITests.release.xcconfig */,
			);
			path = Pods;
			sourceTree = "<group>";
		};
		5828A2C02B2C59C8006BAA6E = {
			isa = PBXGroup;
			children = (
				5828A2CB2B2C59C8006BAA6E /* finedustAPI */,
				5828A2E22B2C59C9006BAA6E /* finedustAPITests */,
				5828A2EC2B2C59C9006BAA6E /* finedustAPIUITests */,
				5828A2CA2B2C59C8006BAA6E /* Products */,
				10E39817474164A5AC0D4BA8 /* Pods */,
				F339A648EA4976C914889A62 /* Frameworks */,
			);
			sourceTree = "<group>";
		};
		5828A2CA2B2C59C8006BAA6E /* Products */ = {
			isa = PBXGroup;
			children = (
				5828A2C92B2C59C8006BAA6E /* finedustAPI.app */,
				5828A2DF2B2C59C9006BAA6E /* finedustAPITests.xctest */,
				5828A2E92B2C59C9006BAA6E /* finedustAPIUITests.xctest */,
			);
			name = Products;
			sourceTree = "<group>";
		};
		5828A2CB2B2C59C8006BAA6E /* finedustAPI */ = {
			isa = PBXGroup;
			children = (
				5828A2CC2B2C59C8006BAA6E /* AppDelegate.swift */,
				5828A2CE2B2C59C8006BAA6E /* SceneDelegate.swift */,
				5828A2D02B2C59C8006BAA6E /* ViewController.swift */,
				5828A2D22B2C59C8006BAA6E /* Main.storyboard */,
				5828A2D52B2C59C9006BAA6E /* Assets.xcassets */,
				5828A2D72B2C59C9006BAA6E /* LaunchScreen.storyboard */,
				5828A2DA2B2C59C9006BAA6E /* Info.plist */,
			);
			path = finedustAPI;
			sourceTree = "<group>";
		};
		5828A2E22B2C59C9006BAA6E /* finedustAPITests */ = {
			isa = PBXGroup;
			children = (
				5828A2E32B2C59C9006BAA6E /* finedustAPITests.swift */,
			);
			path = finedustAPITests;
			sourceTree = "<group>";
		};
		5828A2EC2B2C59C9006BAA6E /* finedustAPIUITests */ = {
			isa = PBXGroup;
			children = (
				5828A2ED2B2C59C9006BAA6E /* finedustAPIUITests.swift */,
				5828A2EF2B2C59C9006BAA6E /* finedustAPIUITestsLaunchTests.swift */,
			);
			path = finedustAPIUITests;
			sourceTree = "<group>";
		};
		F339A648EA4976C914889A62 /* Frameworks */ = {
			isa = PBXGroup;
			children = (
				3CC18AD2B97BE2012B2DADE9 /* Pods_finedustAPI.framework */,
				F8D65501FAF88F4557568FC9 /* Pods_finedustAPI_finedustAPIUITests.framework */,
				65FB8601E8FA42DFE14DD2A3 /* Pods_finedustAPITests.framework */,
			);
			name = Frameworks;
			sourceTree = "<group>";
		};
/* End PBXGroup section */

/* Begin PBXNativeTarget section */
		5828A2C82B2C59C8006BAA6E /* finedustAPI */ = {
			isa = PBXNativeTarget;
			buildConfigurationList = 5828A2F32B2C59C9006BAA6E /* Build configuration list for PBXNativeTarget "finedustAPI" */;
			buildPhases = (
				73EF2BA7AA8784B6332F8B9D /* [CP] Check Pods Manifest.lock */,
				5828A2C52B2C59C8006BAA6E /* Sources */,
				5828A2C62B2C59C8006BAA6E /* Frameworks */,
				5828A2C72B2C59C8006BAA6E /* Resources */,
				CCCE471DE064F9F0D1BE4017 /* [CP] Embed Pods Frameworks */,
			);
			buildRules = (
			);
			dependencies = (
			);
			name = finedustAPI;
			productName = finedustAPI;
			productReference = 5828A2C92B2C59C8006BAA6E /* finedustAPI.app */;
			productType = "com.apple.product-type.application";
		};
		5828A2DE2B2C59C9006BAA6E /* finedustAPITests */ = {
			isa = PBXNativeTarget;
			buildConfigurationList = 5828A2F62B2C59C9006BAA6E /* Build configuration list for PBXNativeTarget "finedustAPITests" */;
			buildPhases = (
				807179C73E45E639A8D597AA /* [CP] Check Pods Manifest.lock */,
				5828A2DB2B2C59C9006BAA6E /* Sources */,
				5828A2DC2B2C59C9006BAA6E /* Frameworks */,
				5828A2DD2B2C59C9006BAA6E /* Resources */,
			);
			buildRules = (
			);
			dependencies = (
				5828A2E12B2C59C9006BAA6E /* PBXTargetDependency */,
			);
			name = finedustAPITests;
			productName = finedustAPITests;
			productReference = 5828A2DF2B2C59C9006BAA6E /* finedustAPITests.xctest */;
			productType = "com.apple.product-type.bundle.unit-test";
		};
		5828A2E82B2C59C9006BAA6E /* finedustAPIUITests */ = {
			isa = PBXNativeTarget;
			buildConfigurationList = 5828A2F92B2C59C9006BAA6E /* Build configuration list for PBXNativeTarget "finedustAPIUITests" */;
			buildPhases = (
				45FF53B8AAACF8534730A241 /* [CP] Check Pods Manifest.lock */,
				5828A2E52B2C59C9006BAA6E /* Sources */,
				5828A2E62B2C59C9006BAA6E /* Frameworks */,
				5828A2E72B2C59C9006BAA6E /* Resources */,
				51DAE094A01098805545D65D /* [CP] Embed Pods Frameworks */,
			);
			buildRules = (
			);
			dependencies = (
				5828A2EB2B2C59C9006BAA6E /* PBXTargetDependency */,
			);
			name = finedustAPIUITests;
			productName = finedustAPIUITests;
			productReference = 5828A2E92B2C59C9006BAA6E /* finedustAPIUITests.xctest */;
			productType = "com.apple.product-type.bundle.ui-testing";
		};
/* End PBXNativeTarget section */

/* Begin PBXProject section */
		5828A2C12B2C59C8006BAA6E /* Project object */ = {
			isa = PBXProject;
			attributes = {
				BuildIndependentTargetsInParallel = 1;
				LastSwiftUpdateCheck = 1430;
				LastUpgradeCheck = 1430;
				TargetAttributes = {
					5828A2C82B2C59C8006BAA6E = {
						CreatedOnToolsVersion = 14.3.1;
					};
					5828A2DE2B2C59C9006BAA6E = {
						CreatedOnToolsVersion = 14.3.1;
						TestTargetID = 5828A2C82B2C59C8006BAA6E;
					};
					5828A2E82B2C59C9006BAA6E = {
						CreatedOnToolsVersion = 14.3.1;
						TestTargetID = 5828A2C82B2C59C8006BAA6E;
					};
				};
			};
			buildConfigurationList = 5828A2C42B2C59C8006BAA6E /* Build configuration list for PBXProject "finedustAPI" */;
			compatibilityVersion = "Xcode 14.0";
			developmentRegion = en;
			hasScannedForEncodings = 0;
			knownRegions = (
				en,
				Base,
			);
			mainGroup = 5828A2C02B2C59C8006BAA6E;
			productRefGroup = 5828A2CA2B2C59C8006BAA6E /* Products */;
			projectDirPath = "";
			projectRoot = "";
			targets = (
				5828A2C82B2C59C8006BAA6E /* finedustAPI */,
				5828A2DE2B2C59C9006BAA6E /* finedustAPITests */,
				5828A2E82B2C59C9006BAA6E /* finedustAPIUITests */,
			);
		};
/* End PBXProject section */

/* Begin PBXResourcesBuildPhase section */
		5828A2C72B2C59C8006BAA6E /* Resources */ = {
			isa = PBXResourcesBuildPhase;
			buildActionMask = 2147483647;
			files = (
				5828A2D92B2C59C9006BAA6E /* LaunchScreen.storyboard in Resources */,
				5828A2D62B2C59C9006BAA6E /* Assets.xcassets in Resources */,
				5828A2D42B2C59C8006BAA6E /* Main.storyboard in Resources */,
			);
			runOnlyForDeploymentPostprocessing = 0;
		};
		5828A2DD2B2C59C9006BAA6E /* Resources */ = {
			isa = PBXResourcesBuildPhase;
			buildActionMask = 2147483647;
			files = (
			);
			runOnlyForDeploymentPostprocessing = 0;
		};
		5828A2E72B2C59C9006BAA6E /* Resources */ = {
			isa = PBXResourcesBuildPhase;
			buildActionMask = 2147483647;
			files = (
			);
			runOnlyForDeploymentPostprocessing = 0;
		};
/* End PBXResourcesBuildPhase section */

/* Begin PBXShellScriptBuildPhase section */
		45FF53B8AAACF8534730A241 /* [CP] Check Pods Manifest.lock */ = {
			isa = PBXShellScriptBuildPhase;
			buildActionMask = 2147483647;
			files = (
			);
			inputFileListPaths = (
			);
			inputPaths = (
				"${PODS_PODFILE_DIR_PATH}/Podfile.lock",
				"${PODS_ROOT}/Manifest.lock",
			);
			name = "[CP] Check Pods Manifest.lock";
			outputFileListPaths = (
			);
			outputPaths = (
				"$(DERIVED_FILE_DIR)/Pods-finedustAPI-finedustAPIUITests-checkManifestLockResult.txt",
			);
			runOnlyForDeploymentPostprocessing = 0;
			shellPath = /bin/sh;
			shellScript = "diff \"${PODS_PODFILE_DIR_PATH}/Podfile.lock\" \"${PODS_ROOT}/Manifest.lock\" > /dev/null\nif [ $? != 0 ] ; then\n    # print error to STDERR\n    echo \"error: The sandbox is not in sync with the Podfile.lock. Run 'pod install' or update your CocoaPods installation.\" >&2\n    exit 1\nfi\n# This output is used by Xcode 'outputs' to avoid re-running this script phase.\necho \"SUCCESS\" > \"${SCRIPT_OUTPUT_FILE_0}\"\n";
			showEnvVarsInLog = 0;
		};
		51DAE094A01098805545D65D /* [CP] Embed Pods Frameworks */ = {
			isa = PBXShellScriptBuildPhase;
			buildActionMask = 2147483647;
			files = (
			);
			inputFileListPaths = (
				"${PODS_ROOT}/Target Support Files/Pods-finedustAPI-finedustAPIUITests/Pods-finedustAPI-finedustAPIUITests-frameworks-${CONFIGURATION}-input-files.xcfilelist",
			);
			name = "[CP] Embed Pods Frameworks";
			outputFileListPaths = (
				"${PODS_ROOT}/Target Support Files/Pods-finedustAPI-finedustAPIUITests/Pods-finedustAPI-finedustAPIUITests-frameworks-${CONFIGURATION}-output-files.xcfilelist",
			);
			runOnlyForDeploymentPostprocessing = 0;
			shellPath = /bin/sh;
			shellScript = "\"${PODS_ROOT}/Target Support Files/Pods-finedustAPI-finedustAPIUITests/Pods-finedustAPI-finedustAPIUITests-frameworks.sh\"\n";
			showEnvVarsInLog = 0;
		};
		73EF2BA7AA8784B6332F8B9D /* [CP] Check Pods Manifest.lock */ = {
			isa = PBXShellScriptBuildPhase;
			buildActionMask = 2147483647;
			files = (
			);
			inputFileListPaths = (
			);
			inputPaths = (
				"${PODS_PODFILE_DIR_PATH}/Podfile.lock",
				"${PODS_ROOT}/Manifest.lock",
			);
			name = "[CP] Check Pods Manifest.lock";
			outputFileListPaths = (
			);
			outputPaths = (
				"$(DERIVED_FILE_DIR)/Pods-finedustAPI-checkManifestLockResult.txt",
			);
			runOnlyForDeploymentPostprocessing = 0;
			shellPath = /bin/sh;
			shellScript = "diff \"${PODS_PODFILE_DIR_PATH}/Podfile.lock\" \"${PODS_ROOT}/Manifest.lock\" > /dev/null\nif [ $? != 0 ] ; then\n    # print error to STDERR\n    echo \"error: The sandbox is not in sync with the Podfile.lock. Run 'pod install' or update your CocoaPods installation.\" >&2\n    exit 1\nfi\n# This output is used by Xcode 'outputs' to avoid re-running this script phase.\necho \"SUCCESS\" > \"${SCRIPT_OUTPUT_FILE_0}\"\n";
			showEnvVarsInLog = 0;
		};
		807179C73E45E639A8D597AA /* [CP] Check Pods Manifest.lock */ = {
			isa = PBXShellScriptBuildPhase;
			buildActionMask = 2147483647;
			files = (
			);
			inputFileListPaths = (
			);
			inputPaths = (
				"${PODS_PODFILE_DIR_PATH}/Podfile.lock",
				"${PODS_ROOT}/Manifest.lock",
			);
			name = "[CP] Check Pods Manifest.lock";
			outputFileListPaths = (
			);
			outputPaths = (
				"$(DERIVED_FILE_DIR)/Pods-finedustAPITests-checkManifestLockResult.txt",
			);
			runOnlyForDeploymentPostprocessing = 0;
			shellPath = /bin/sh;
			shellScript = "diff \"${PODS_PODFILE_DIR_PATH}/Podfile.lock\" \"${PODS_ROOT}/Manifest.lock\" > /dev/null\nif [ $? != 0 ] ; then\n    # print error to STDERR\n    echo \"error: The sandbox is not in sync with the Podfile.lock. Run 'pod install' or update your CocoaPods installation.\" >&2\n    exit 1\nfi\n# This output is used by Xcode 'outputs' to avoid re-running this script phase.\necho \"SUCCESS\" > \"${SCRIPT_OUTPUT_FILE_0}\"\n";
			showEnvVarsInLog = 0;
		};
		CCCE471DE064F9F0D1BE4017 /* [CP] Embed Pods Frameworks */ = {
			isa = PBXShellScriptBuildPhase;
			buildActionMask = 2147483647;
			files = (
			);
			inputFileListPaths = (
				"${PODS_ROOT}/Target Support Files/Pods-finedustAPI/Pods-finedustAPI-frameworks-${CONFIGURATION}-input-files.xcfilelist",
			);
			name = "[CP] Embed Pods Frameworks";
			outputFileListPaths = (
				"${PODS_ROOT}/Target Support Files/Pods-finedustAPI/Pods-finedustAPI-frameworks-${CONFIGURATION}-output-files.xcfilelist",
			);
			runOnlyForDeploymentPostprocessing = 0;
			shellPath = /bin/sh;
			shellScript = "\"${PODS_ROOT}/Target Support Files/Pods-finedustAPI/Pods-finedustAPI-frameworks.sh\"\n";
			showEnvVarsInLog = 0;
		};
/* End PBXShellScriptBuildPhase section */

/* Begin PBXSourcesBuildPhase section */
		5828A2C52B2C59C8006BAA6E /* Sources */ = {
			isa = PBXSourcesBuildPhase;
			buildActionMask = 2147483647;
			files = (
				5828A2D12B2C59C8006BAA6E /* ViewController.swift in Sources */,
				5828A2CD2B2C59C8006BAA6E /* AppDelegate.swift in Sources */,
				5828A2CF2B2C59C8006BAA6E /* SceneDelegate.swift in Sources */,
			);
			runOnlyForDeploymentPostprocessing = 0;
		};
		5828A2DB2B2C59C9006BAA6E /* Sources */ = {
			isa = PBXSourcesBuildPhase;
			buildActionMask = 2147483647;
			files = (
				5828A2E42B2C59C9006BAA6E /* finedustAPITests.swift in Sources */,
			);
			runOnlyForDeploymentPostprocessing = 0;
		};
		5828A2E52B2C59C9006BAA6E /* Sources */ = {
			isa = PBXSourcesBuildPhase;
			buildActionMask = 2147483647;
			files = (
				5828A2EE2B2C59C9006BAA6E /* finedustAPIUITests.swift in Sources */,
				5828A2F02B2C59C9006BAA6E /* finedustAPIUITestsLaunchTests.swift in Sources */,
			);
			runOnlyForDeploymentPostprocessing = 0;
		};
/* End PBXSourcesBuildPhase section */

/* Begin PBXTargetDependency section */
		5828A2E12B2C59C9006BAA6E /* PBXTargetDependency */ = {
			isa = PBXTargetDependency;
			target = 5828A2C82B2C59C8006BAA6E /* finedustAPI */;
			targetProxy = 5828A2E02B2C59C9006BAA6E /* PBXContainerItemProxy */;
		};
		5828A2EB2B2C59C9006BAA6E /* PBXTargetDependency */ = {
			isa = PBXTargetDependency;
			target = 5828A2C82B2C59C8006BAA6E /* finedustAPI */;
			targetProxy = 5828A2EA2B2C59C9006BAA6E /* PBXContainerItemProxy */;
		};
/* End PBXTargetDependency section */

/* Begin PBXVariantGroup section */
		5828A2D22B2C59C8006BAA6E /* Main.storyboard */ = {
			isa = PBXVariantGroup;
			children = (
				5828A2D32B2C59C8006BAA6E /* Base */,
			);
			name = Main.storyboard;
			sourceTree = "<group>";
		};
		5828A2D72B2C59C9006BAA6E /* LaunchScreen.storyboard */ = {
			isa = PBXVariantGroup;
			children = (
				5828A2D82B2C59C9006BAA6E /* Base */,
			);
			name = LaunchScreen.storyboard;
			sourceTree = "<group>";
		};
/* End PBXVariantGroup section */

/* Begin XCBuildConfiguration section */
		5828A2F12B2C59C9006BAA6E /* Debug */ = {
			isa = XCBuildConfiguration;
			buildSettings = {
				ALWAYS_SEARCH_USER_PATHS = NO;
				CLANG_ANALYZER_NONNULL = YES;
				CLANG_ANALYZER_NUMBER_OBJECT_CONVERSION = YES_AGGRESSIVE;
				CLANG_CXX_LANGUAGE_STANDARD = "gnu++20";
				CLANG_ENABLE_MODULES = YES;
				CLANG_ENABLE_OBJC_ARC = YES;
				CLANG_ENABLE_OBJC_WEAK = YES;
				CLANG_WARN_BLOCK_CAPTURE_AUTORELEASING = YES;
				CLANG_WARN_BOOL_CONVERSION = YES;
				CLANG_WARN_COMMA = YES;
				CLANG_WARN_CONSTANT_CONVERSION = YES;
				CLANG_WARN_DEPRECATED_OBJC_IMPLEMENTATIONS = YES;
				CLANG_WARN_DIRECT_OBJC_ISA_USAGE = YES_ERROR;
				CLANG_WARN_DOCUMENTATION_COMMENTS = YES;
				CLANG_WARN_EMPTY_BODY = YES;
				CLANG_WARN_ENUM_CONVERSION = YES;
				CLANG_WARN_INFINITE_RECURSION = YES;
				CLANG_WARN_INT_CONVERSION = YES;
				CLANG_WARN_NON_LITERAL_NULL_CONVERSION = YES;
				CLANG_WARN_OBJC_IMPLICIT_RETAIN_SELF = YES;
				CLANG_WARN_OBJC_LITERAL_CONVERSION = YES;
				CLANG_WARN_OBJC_ROOT_CLASS = YES_ERROR;
				CLANG_WARN_QUOTED_INCLUDE_IN_FRAMEWORK_HEADER = YES;
				CLANG_WARN_RANGE_LOOP_ANALYSIS = YES;
				CLANG_WARN_STRICT_PROTOTYPES = YES;
				CLANG_WARN_SUSPICIOUS_MOVE = YES;
				CLANG_WARN_UNGUARDED_AVAILABILITY = YES_AGGRESSIVE;
				CLANG_WARN_UNREACHABLE_CODE = YES;
				CLANG_WARN__DUPLICATE_METHOD_MATCH = YES;
				COPY_PHASE_STRIP = NO;
				DEBUG_INFORMATION_FORMAT = dwarf;
				ENABLE_STRICT_OBJC_MSGSEND = YES;
				ENABLE_TESTABILITY = YES;
				GCC_C_LANGUAGE_STANDARD = gnu11;
				GCC_DYNAMIC_NO_PIC = NO;
				GCC_NO_COMMON_BLOCKS = YES;
				GCC_OPTIMIZATION_LEVEL = 0;
				GCC_PREPROCESSOR_DEFINITIONS = (
					"DEBUG=1",
					"$(inherited)",
				);
				GCC_WARN_64_TO_32_BIT_CONVERSION = YES;
				GCC_WARN_ABOUT_RETURN_TYPE = YES_ERROR;
				GCC_WARN_UNDECLARED_SELECTOR = YES;
				GCC_WARN_UNINITIALIZED_AUTOS = YES_AGGRESSIVE;
				GCC_WARN_UNUSED_FUNCTION = YES;
				GCC_WARN_UNUSED_VARIABLE = YES;
				IPHONEOS_DEPLOYMENT_TARGET = 16.4;
				MTL_ENABLE_DEBUG_INFO = INCLUDE_SOURCE;
				MTL_FAST_MATH = YES;
				ONLY_ACTIVE_ARCH = YES;
				SDKROOT = iphoneos;
				SWIFT_ACTIVE_COMPILATION_CONDITIONS = DEBUG;
				SWIFT_OPTIMIZATION_LEVEL = "-Onone";
			};
			name = Debug;
		};
		5828A2F22B2C59C9006BAA6E /* Release */ = {
			isa = XCBuildConfiguration;
			buildSettings = {
				ALWAYS_SEARCH_USER_PATHS = NO;
				CLANG_ANALYZER_NONNULL = YES;
				CLANG_ANALYZER_NUMBER_OBJECT_CONVERSION = YES_AGGRESSIVE;
				CLANG_CXX_LANGUAGE_STANDARD = "gnu++20";
				CLANG_ENABLE_MODULES = YES;
				CLANG_ENABLE_OBJC_ARC = YES;
				CLANG_ENABLE_OBJC_WEAK = YES;
				CLANG_WARN_BLOCK_CAPTURE_AUTORELEASING = YES;
				CLANG_WARN_BOOL_CONVERSION = YES;
				CLANG_WARN_COMMA = YES;
				CLANG_WARN_CONSTANT_CONVERSION = YES;
				CLANG_WARN_DEPRECATED_OBJC_IMPLEMENTATIONS = YES;
				CLANG_WARN_DIRECT_OBJC_ISA_USAGE = YES_ERROR;
				CLANG_WARN_DOCUMENTATION_COMMENTS = YES;
				CLANG_WARN_EMPTY_BODY = YES;
				CLANG_WARN_ENUM_CONVERSION = YES;
				CLANG_WARN_INFINITE_RECURSION = YES;
				CLANG_WARN_INT_CONVERSION = YES;
				CLANG_WARN_NON_LITERAL_NULL_CONVERSION = YES;
				CLANG_WARN_OBJC_IMPLICIT_RETAIN_SELF = YES;
				CLANG_WARN_OBJC_LITERAL_CONVERSION = YES;
				CLANG_WARN_OBJC_ROOT_CLASS = YES_ERROR;
				CLANG_WARN_QUOTED_INCLUDE_IN_FRAMEWORK_HEADER = YES;
				CLANG_WARN_RANGE_LOOP_ANALYSIS = YES;
				CLANG_WARN_STRICT_PROTOTYPES = YES;
				CLANG_WARN_SUSPICIOUS_MOVE = YES;
				CLANG_WARN_UNGUARDED_AVAILABILITY = YES_AGGRESSIVE;
				CLANG_WARN_UNREACHABLE_CODE = YES;
				CLANG_WARN__DUPLICATE_METHOD_MATCH = YES;
				COPY_PHASE_STRIP = NO;
				DEBUG_INFORMATION_FORMAT = "dwarf-with-dsym";
				ENABLE_NS_ASSERTIONS = NO;
				ENABLE_STRICT_OBJC_MSGSEND = YES;
				GCC_C_LANGUAGE_STANDARD = gnu11;
				GCC_NO_COMMON_BLOCKS = YES;
				GCC_WARN_64_TO_32_BIT_CONVERSION = YES;
				GCC_WARN_ABOUT_RETURN_TYPE = YES_ERROR;
				GCC_WARN_UNDECLARED_SELECTOR = YES;
				GCC_WARN_UNINITIALIZED_AUTOS = YES_AGGRESSIVE;
				GCC_WARN_UNUSED_FUNCTION = YES;
				GCC_WARN_UNUSED_VARIABLE = YES;
				IPHONEOS_DEPLOYMENT_TARGET = 16.4;
				MTL_ENABLE_DEBUG_INFO = NO;
				MTL_FAST_MATH = YES;
				SDKROOT = iphoneos;
				SWIFT_COMPILATION_MODE = wholemodule;
				SWIFT_OPTIMIZATION_LEVEL = "-O";
				VALIDATE_PRODUCT = YES;
			};
			name = Release;
		};
		5828A2F42B2C59C9006BAA6E /* Debug */ = {
			isa = XCBuildConfiguration;
			baseConfigurationReference = 44C5ACDEB4FA56C3541AFFCD /* Pods-finedustAPI.debug.xcconfig */;
			buildSettings = {
				ASSETCATALOG_COMPILER_APPICON_NAME = AppIcon;
				ASSETCATALOG_COMPILER_GLOBAL_ACCENT_COLOR_NAME = AccentColor;
				CODE_SIGN_STYLE = Automatic;
				CURRENT_PROJECT_VERSION = 1;
				GENERATE_INFOPLIST_FILE = YES;
				INFOPLIST_FILE = finedustAPI/Info.plist;
				INFOPLIST_KEY_UIApplicationSupportsIndirectInputEvents = YES;
				INFOPLIST_KEY_UILaunchStoryboardName = LaunchScreen;
				INFOPLIST_KEY_UIMainStoryboardFile = Main;
				INFOPLIST_KEY_UISupportedInterfaceOrientations_iPad = "UIInterfaceOrientationPortrait UIInterfaceOrientationPortraitUpsideDown UIInterfaceOrientationLandscapeLeft UIInterfaceOrientationLandscapeRight";
				INFOPLIST_KEY_UISupportedInterfaceOrientations_iPhone = "UIInterfaceOrientationPortrait UIInterfaceOrientationLandscapeLeft UIInterfaceOrientationLandscapeRight";
				LD_RUNPATH_SEARCH_PATHS = (
					"$(inherited)",
					"@executable_path/Frameworks",
				);
				MARKETING_VERSION = 1.0;
				PRODUCT_BUNDLE_IDENTIFIER = com.finedustAPI;
				PRODUCT_NAME = "$(TARGET_NAME)";
				SWIFT_EMIT_LOC_STRINGS = YES;
				SWIFT_VERSION = 5.0;
				TARGETED_DEVICE_FAMILY = "1,2";
			};
			name = Debug;
		};
		5828A2F52B2C59C9006BAA6E /* Release */ = {
			isa = XCBuildConfiguration;
			baseConfigurationReference = 4672A3DB83D45D7E157E8BC7 /* Pods-finedustAPI.release.xcconfig */;
			buildSettings = {
				ASSETCATALOG_COMPILER_APPICON_NAME = AppIcon;
				ASSETCATALOG_COMPILER_GLOBAL_ACCENT_COLOR_NAME = AccentColor;
				CODE_SIGN_STYLE = Automatic;
				CURRENT_PROJECT_VERSION = 1;
				GENERATE_INFOPLIST_FILE = YES;
				INFOPLIST_FILE = finedustAPI/Info.plist;
				INFOPLIST_KEY_UIApplicationSupportsIndirectInputEvents = YES;
				INFOPLIST_KEY_UILaunchStoryboardName = LaunchScreen;
				INFOPLIST_KEY_UIMainStoryboardFile = Main;
				INFOPLIST_KEY_UISupportedInterfaceOrientations_iPad = "UIInterfaceOrientationPortrait UIInterfaceOrientationPortraitUpsideDown UIInterfaceOrientationLandscapeLeft UIInterfaceOrientationLandscapeRight";
				INFOPLIST_KEY_UISupportedInterfaceOrientations_iPhone = "UIInterfaceOrientationPortrait UIInterfaceOrientationLandscapeLeft UIInterfaceOrientationLandscapeRight";
				LD_RUNPATH_SEARCH_PATHS = (
					"$(inherited)",
					"@executable_path/Frameworks",
				);
				MARKETING_VERSION = 1.0;
				PRODUCT_BUNDLE_IDENTIFIER = com.finedustAPI;
				PRODUCT_NAME = "$(TARGET_NAME)";
				SWIFT_EMIT_LOC_STRINGS = YES;
				SWIFT_VERSION = 5.0;
				TARGETED_DEVICE_FAMILY = "1,2";
			};
			name = Release;
		};
		5828A2F72B2C59C9006BAA6E /* Debug */ = {
			isa = XCBuildConfiguration;
			baseConfigurationReference = 4B4E929AF24D6B0C06B1E2E6 /* Pods-finedustAPITests.debug.xcconfig */;
			buildSettings = {
				ALWAYS_EMBED_SWIFT_STANDARD_LIBRARIES = YES;
				BUNDLE_LOADER = "$(TEST_HOST)";
				CODE_SIGN_STYLE = Automatic;
				CURRENT_PROJECT_VERSION = 1;
				GENERATE_INFOPLIST_FILE = YES;
				IPHONEOS_DEPLOYMENT_TARGET = 16.4;
				MARKETING_VERSION = 1.0;
				PRODUCT_BUNDLE_IDENTIFIER = com.finedustAPITests;
				PRODUCT_NAME = "$(TARGET_NAME)";
				SWIFT_EMIT_LOC_STRINGS = NO;
				SWIFT_VERSION = 5.0;
				TARGETED_DEVICE_FAMILY = "1,2";
				TEST_HOST = "$(BUILT_PRODUCTS_DIR)/finedustAPI.app/$(BUNDLE_EXECUTABLE_FOLDER_PATH)/finedustAPI";
			};
			name = Debug;
		};
		5828A2F82B2C59C9006BAA6E /* Release */ = {
			isa = XCBuildConfiguration;
			baseConfigurationReference = DF82AD038F0710514F28708E /* Pods-finedustAPITests.release.xcconfig */;
			buildSettings = {
				ALWAYS_EMBED_SWIFT_STANDARD_LIBRARIES = YES;
				BUNDLE_LOADER = "$(TEST_HOST)";
				CODE_SIGN_STYLE = Automatic;
				CURRENT_PROJECT_VERSION = 1;
				GENERATE_INFOPLIST_FILE = YES;
				IPHONEOS_DEPLOYMENT_TARGET = 16.4;
				MARKETING_VERSION = 1.0;
				PRODUCT_BUNDLE_IDENTIFIER = com.finedustAPITests;
				PRODUCT_NAME = "$(TARGET_NAME)";
				SWIFT_EMIT_LOC_STRINGS = NO;
				SWIFT_VERSION = 5.0;
				TARGETED_DEVICE_FAMILY = "1,2";
				TEST_HOST = "$(BUILT_PRODUCTS_DIR)/finedustAPI.app/$(BUNDLE_EXECUTABLE_FOLDER_PATH)/finedustAPI";
			};
			name = Release;
		};
		5828A2FA2B2C59C9006BAA6E /* Debug */ = {
			isa = XCBuildConfiguration;
			baseConfigurationReference = 88C73142E47F1324D96CFACF /* Pods-finedustAPI-finedustAPIUITests.debug.xcconfig */;
			buildSettings = {
				ALWAYS_EMBED_SWIFT_STANDARD_LIBRARIES = YES;
				CODE_SIGN_STYLE = Automatic;
				CURRENT_PROJECT_VERSION = 1;
				GENERATE_INFOPLIST_FILE = YES;
				MARKETING_VERSION = 1.0;
				PRODUCT_BUNDLE_IDENTIFIER = com.finedustAPIUITests;
				PRODUCT_NAME = "$(TARGET_NAME)";
				SWIFT_EMIT_LOC_STRINGS = NO;
				SWIFT_VERSION = 5.0;
				TARGETED_DEVICE_FAMILY = "1,2";
				TEST_TARGET_NAME = finedustAPI;
			};
			name = Debug;
		};
		5828A2FB2B2C59C9006BAA6E /* Release */ = {
			isa = XCBuildConfiguration;
			baseConfigurationReference = C3B58FD3FA3DED6175FC26E4 /* Pods-finedustAPI-finedustAPIUITests.release.xcconfig */;
			buildSettings = {
				ALWAYS_EMBED_SWIFT_STANDARD_LIBRARIES = YES;
				CODE_SIGN_STYLE = Automatic;
				CURRENT_PROJECT_VERSION = 1;
				GENERATE_INFOPLIST_FILE = YES;
				MARKETING_VERSION = 1.0;
				PRODUCT_BUNDLE_IDENTIFIER = com.finedustAPIUITests;
				PRODUCT_NAME = "$(TARGET_NAME)";
				SWIFT_EMIT_LOC_STRINGS = NO;
				SWIFT_VERSION = 5.0;
				TARGETED_DEVICE_FAMILY = "1,2";
				TEST_TARGET_NAME = finedustAPI;
			};
			name = Release;
		};
/* End XCBuildConfiguration section */

/* Begin XCConfigurationList section */
		5828A2C42B2C59C8006BAA6E /* Build configuration list for PBXProject "finedustAPI" */ = {
			isa = XCConfigurationList;
			buildConfigurations = (
				5828A2F12B2C59C9006BAA6E /* Debug */,
				5828A2F22B2C59C9006BAA6E /* Release */,
			);
			defaultConfigurationIsVisible = 0;
			defaultConfigurationName = Release;
		};
		5828A2F32B2C59C9006BAA6E /* Build configuration list for PBXNativeTarget "finedustAPI" */ = {
			isa = XCConfigurationList;
			buildConfigurations = (
				5828A2F42B2C59C9006BAA6E /* Debug */,
				5828A2F52B2C59C9006BAA6E /* Release */,
			);
			defaultConfigurationIsVisible = 0;
			defaultConfigurationName = Release;
		};
		5828A2F62B2C59C9006BAA6E /* Build configuration list for PBXNativeTarget "finedustAPITests" */ = {
			isa = XCConfigurationList;
			buildConfigurations = (
				5828A2F72B2C59C9006BAA6E /* Debug */,
				5828A2F82B2C59C9006BAA6E /* Release */,
			);
			defaultConfigurationIsVisible = 0;
			defaultConfigurationName = Release;
		};
		5828A2F92B2C59C9006BAA6E /* Build configuration list for PBXNativeTarget "finedustAPIUITests" */ = {
			isa = XCConfigurationList;
			buildConfigurations = (
				5828A2FA2B2C59C9006BAA6E /* Debug */,
				5828A2FB2B2C59C9006BAA6E /* Release */,
			);
			defaultConfigurationIsVisible = 0;
			defaultConfigurationName = Release;
		};
/* End XCConfigurationList section */
	};
	rootObject = 5828A2C12B2C59C8006BAA6E /* Project object */;
}
